
Microsoft Visual Studio Solution File, Format Version 11.00
# Visual Studio 2010
Project("{FAE04EC0-301F-11D3-BF4B-00C04F79EFBC}") = "Core.TestingLibrary", "Core.TestingLibrary\Core.TestingLibrary.csproj", "{FD698D8E-81C4-493A-8FB1-89B3EB6FBC47}"
EndProject
Project("{2150E333-8FDC-42A3-9474-1A3956D46DE8}") = "Solution Items", "Solution Items", "{B67661EA-9209-413C-B524-D1004955D89F}"
	ProjectSection(SolutionItems) = preProject
		CreateNuGetPackage.wpp.targets = CreateNuGetPackage.wpp.targets
		GenerateAssemblyAttributes.wpp.targets = GenerateAssemblyAttributes.wpp.targets
		version.xml = version.xml
	EndProjectSection
EndProject
Project("{FAE04EC0-301F-11D3-BF4B-00C04F79EFBC}") = "NugetBuild", "NugetBuild\NugetBuild.csproj", "{32E0835A-14C0-456F-83EF-D643DAFB593D}"
EndProject
Project("{2150E333-8FDC-42A3-9474-1A3956D46DE8}") = ".nuget", ".nuget", "{9A5CBA70-64E1-4B84-990A-F08DE8D9F1D6}"
	ProjectSection(SolutionItems) = preProject
		.nuget\NuGet.Config = .nuget\NuGet.Config
		.nuget\NuGet.exe = .nuget\NuGet.exe
		.nuget\NuGet.targets = .nuget\NuGet.targets
	EndProjectSection
EndProject
Global
	GlobalSection(SolutionConfigurationPlatforms) = preSolution
		Debug|Any CPU = Debug|Any CPU
		Release|Any CPU = Release|Any CPU
	EndGlobalSection
	GlobalSection(ProjectConfigurationPlatforms) = postSolution
		{FD698D8E-81C4-493A-8FB1-89B3EB6FBC47}.Debug|Any CPU.ActiveCfg = Debug|Any CPU
		{FD698D8E-81C4-493A-8FB1-89B3EB6FBC47}.Debug|Any CPU.Build.0 = Debug|Any CPU
		{FD698D8E-81C4-493A-8FB1-89B3EB6FBC47}.Release|Any CPU.ActiveCfg = Release|Any CPU
		{FD698D8E-81C4-493A-8FB1-89B3EB6FBC47}.Release|Any CPU.Build.0 = Release|Any CPU
		{32E0835A-14C0-456F-83EF-D643DAFB593D}.Debug|Any CPU.ActiveCfg = Debug|Any CPU
		{32E0835A-14C0-456F-83EF-D643DAFB593D}.Debug|Any CPU.Build.0 = Debug|Any CPU
		{32E0835A-14C0-456F-83EF-D643DAFB593D}.Release|Any CPU.ActiveCfg = Release|Any CPU
		{32E0835A-14C0-456F-83EF-D643DAFB593D}.Release|Any CPU.Build.0 = Release|Any CPU
	EndGlobalSection
	GlobalSection(SolutionProperties) = preSolution
		HideSolutionNode = FALSE
	EndGlobalSection
EndGlobal
